
Microsoft Visual Studio Solution File, Format Version 12.00
# Visual Studio Version 16
VisualStudioVersion = 16.0.31321.278
MinimumVisualStudioVersion = 10.0.40219.1
Project("{9A19103F-16F7-4668-BE54-9A1E7A4F7556}") = "JA_BMP_TO_ASCII", "JA_BMP_TO_ASCII\JA_BMP_TO_ASCII.csproj", "{F3877140-BE8F-4437-BCAB-2C59BFD74804}"
	ProjectSection(ProjectDependencies) = postProject
		{3275BB0C-E3E7-4091-A6E7-CAF4D6E23578} = {3275BB0C-E3E7-4091-A6E7-CAF4D6E23578}
		{07153310-E43B-4304-915A-2CA73866FB01} = {07153310-E43B-4304-915A-2CA73866FB01}
	EndProjectSection
EndProject
Project("{8BC9CEB8-8B4A-11D0-8D11-00A0C91BC942}") = "Dll_cpp", "Dll_cpp\Dll_cpp.vcxproj", "{3275BB0C-E3E7-4091-A6E7-CAF4D6E23578}"
EndProject
Project("{8BC9CEB8-8B4A-11D0-8D11-00A0C91BC942}") = "ASM_DLL", "ASM_DLL\ASM_DLL.vcxproj", "{07153310-E43B-4304-915A-2CA73866FB01}"
EndProject
Global
	GlobalSection(SolutionConfigurationPlatforms) = preSolution
		Debug|Any CPU = Debug|Any CPU
		Debug|x64 = Debug|x64
		Debug|x86 = Debug|x86
		Release|Any CPU = Release|Any CPU
		Release|x64 = Release|x64
		Release|x86 = Release|x86
	EndGlobalSection
	GlobalSection(ProjectConfigurationPlatforms) = postSolution
		{F3877140-BE8F-4437-BCAB-2C59BFD74804}.Debug|Any CPU.ActiveCfg = Debug|x64
		{F3877140-BE8F-4437-BCAB-2C59BFD74804}.Debug|Any CPU.Build.0 = Debug|x64
		{F3877140-BE8F-4437-BCAB-2C59BFD74804}.Debug|x64.ActiveCfg = Debug|x64
		{F3877140-BE8F-4437-BCAB-2C59BFD74804}.Debug|x64.Build.0 = Debug|x64
		{F3877140-BE8F-4437-BCAB-2C59BFD74804}.Debug|x86.ActiveCfg = Debug|Any CPU
		{F3877140-BE8F-4437-BCAB-2C59BFD74804}.Debug|x86.Build.0 = Debug|Any CPU
		{F3877140-BE8F-4437-BCAB-2C59BFD74804}.Release|Any CPU.ActiveCfg = Release|x64
		{F3877140-BE8F-4437-BCAB-2C59BFD74804}.Release|Any CPU.Build.0 = Release|x64
		{F3877140-BE8F-4437-BCAB-2C59BFD74804}.Release|x64.ActiveCfg = Release|x64
		{F3877140-BE8F-4437-BCAB-2C59BFD74804}.Release|x64.Build.0 = Release|x64
		{F3877140-BE8F-4437-BCAB-2C59BFD74804}.Release|x86.ActiveCfg = Release|Any CPU
		{F3877140-BE8F-4437-BCAB-2C59BFD74804}.Release|x86.Build.0 = Release|Any CPU
		{3275BB0C-E3E7-4091-A6E7-CAF4D6E23578}.Debug|Any CPU.ActiveCfg = Debug|x64
		{3275BB0C-E3E7-4091-A6E7-CAF4D6E23578}.Debug|x64.ActiveCfg = Debug|x64
		{3275BB0C-E3E7-4091-A6E7-CAF4D6E23578}.Debug|x64.Build.0 = Debug|x64
		{3275BB0C-E3E7-4091-A6E7-CAF4D6E23578}.Debug|x86.ActiveCfg = Debug|Win32
		{3275BB0C-E3E7-4091-A6E7-CAF4D6E23578}.Debug|x86.Build.0 = Debug|Win32
		{3275BB0C-E3E7-4091-A6E7-CAF4D6E23578}.Release|Any CPU.ActiveCfg = Release|x64
		{3275BB0C-E3E7-4091-A6E7-CAF4D6E23578}.Release|x64.ActiveCfg = Release|x64
		{3275BB0C-E3E7-4091-A6E7-CAF4D6E23578}.Release|x64.Build.0 = Release|x64
		{3275BB0C-E3E7-4091-A6E7-CAF4D6E23578}.Release|x86.ActiveCfg = Release|Win32
		{3275BB0C-E3E7-4091-A6E7-CAF4D6E23578}.Release|x86.Build.0 = Release|Win32
		{07153310-E43B-4304-915A-2CA73866FB01}.Debug|Any CPU.ActiveCfg = Debug|x64
		{07153310-E43B-4304-915A-2CA73866FB01}.Debug|x64.ActiveCfg = Debug|x64
		{07153310-E43B-4304-915A-2CA73866FB01}.Debug|x64.Build.0 = Debug|x64
		{07153310-E43B-4304-915A-2CA73866FB01}.Debug|x86.ActiveCfg = Debug|Win32
		{07153310-E43B-4304-915A-2CA73866FB01}.Debug|x86.Build.0 = Debug|Win32
		{07153310-E43B-4304-915A-2CA73866FB01}.Release|Any CPU.ActiveCfg = Release|x64
		{07153310-E43B-4304-915A-2CA73866FB01}.Release|x64.ActiveCfg = Release|x64
		{07153310-E43B-4304-915A-2CA73866FB01}.Release|x64.Build.0 = Release|x64
		{07153310-E43B-4304-915A-2CA73866FB01}.Release|x86.ActiveCfg = Release|Win32
		{07153310-E43B-4304-915A-2CA73866FB01}.Release|x86.Build.0 = Release|Win32
	EndGlobalSection
	GlobalSection(SolutionProperties) = preSolution
		HideSolutionNode = FALSE
	EndGlobalSection
	GlobalSection(ExtensibilityGlobals) = postSolution
		SolutionGuid = {D4AFC1D0-B7A3-4E3D-8137-47210480D790}
	EndGlobalSection
EndGlobal
